// !$*UTF8*$!
{
	archiveVersion = 1;
	classes = {
	};
	objectVersion = 50;
	objects = {

/* Begin PBXBuildFile section */
		7B0A6D6923F2CFFC008A5013 /* AppDelegate.swift in Sources */ = {isa = PBXBuildFile; fileRef = 7B0A6D6823F2CFFC008A5013 /* AppDelegate.swift */; };
		7B0A6D6B23F2CFFC008A5013 /* SceneDelegate.swift in Sources */ = {isa = PBXBuildFile; fileRef = 7B0A6D6A23F2CFFC008A5013 /* SceneDelegate.swift */; };
		7B0A6D6D23F2CFFC008A5013 /* ViewController.swift in Sources */ = {isa = PBXBuildFile; fileRef = 7B0A6D6C23F2CFFC008A5013 /* ViewController.swift */; };
		7B0A6D7023F2CFFC008A5013 /* Main.storyboard in Resources */ = {isa = PBXBuildFile; fileRef = 7B0A6D6E23F2CFFC008A5013 /* Main.storyboard */; };
		7B0A6D7223F2CFFD008A5013 /* Assets.xcassets in Resources */ = {isa = PBXBuildFile; fileRef = 7B0A6D7123F2CFFD008A5013 /* Assets.xcassets */; };
		7B0A6D7523F2CFFD008A5013 /* LaunchScreen.storyboard in Resources */ = {isa = PBXBuildFile; fileRef = 7B0A6D7323F2CFFD008A5013 /* LaunchScreen.storyboard */; };
		7B0A6D8023F2CFFE008A5013 /* CommentCardWriterTests.swift in Sources */ = {isa = PBXBuildFile; fileRef = 7B0A6D7F23F2CFFE008A5013 /* CommentCardWriterTests.swift */; };
		7B0A6D8B23F2CFFE008A5013 /* CommentCardWriterUITests.swift in Sources */ = {isa = PBXBuildFile; fileRef = 7B0A6D8A23F2CFFE008A5013 /* CommentCardWriterUITests.swift */; };
		7B0A6D9923F2D5A8008A5013 /* HomeViewController.swift in Sources */ = {isa = PBXBuildFile; fileRef = 7B0A6D9823F2D5A8008A5013 /* HomeViewController.swift */; };
		7B0A6D9B23F2D5D9008A5013 /* Comment.swift in Sources */ = {isa = PBXBuildFile; fileRef = 7B0A6D9A23F2D5D9008A5013 /* Comment.swift */; };
		7B0A6D9D23F2D664008A5013 /* StudentEvaluation.swift in Sources */ = {isa = PBXBuildFile; fileRef = 7B0A6D9C23F2D664008A5013 /* StudentEvaluation.swift */; };
		7B0A6D9F23F2D7CE008A5013 /* Student.swift in Sources */ = {isa = PBXBuildFile; fileRef = 7B0A6D9E23F2D7CE008A5013 /* Student.swift */; };
/* End PBXBuildFile section */

/* Begin PBXContainerItemProxy section */
		7B0A6D7C23F2CFFE008A5013 /* PBXContainerItemProxy */ = {
			isa = PBXContainerItemProxy;
			containerPortal = 7B0A6D5D23F2CFFC008A5013 /* Project object */;
			proxyType = 1;
			remoteGlobalIDString = 7B0A6D6423F2CFFC008A5013;
			remoteInfo = CommentCardWriter;
		};
		7B0A6D8723F2CFFE008A5013 /* PBXContainerItemProxy */ = {
			isa = PBXContainerItemProxy;
			containerPortal = 7B0A6D5D23F2CFFC008A5013 /* Project object */;
			proxyType = 1;
			remoteGlobalIDString = 7B0A6D6423F2CFFC008A5013;
			remoteInfo = CommentCardWriter;
		};
/* End PBXContainerItemProxy section */

/* Begin PBXFileReference section */
		7B0A6D6523F2CFFC008A5013 /* CommentCardWriter.app */ = {isa = PBXFileReference; explicitFileType = wrapper.application; includeInIndex = 0; path = CommentCardWriter.app; sourceTree = BUILT_PRODUCTS_DIR; };
		7B0A6D6823F2CFFC008A5013 /* AppDelegate.swift */ = {isa = PBXFileReference; lastKnownFileType = sourcecode.swift; path = AppDelegate.swift; sourceTree = "<group>"; };
		7B0A6D6A23F2CFFC008A5013 /* SceneDelegate.swift */ = {isa = PBXFileReference; lastKnownFileType = sourcecode.swift; path = SceneDelegate.swift; sourceTree = "<group>"; };
		7B0A6D6C23F2CFFC008A5013 /* ViewController.swift */ = {isa = PBXFileReference; lastKnownFileType = sourcecode.swift; path = ViewController.swift; sourceTree = "<group>"; };
		7B0A6D6F23F2CFFC008A5013 /* Base */ = {isa = PBXFileReference; lastKnownFileType = file.storyboard; name = Base; path = Base.lproj/Main.storyboard; sourceTree = "<group>"; };
		7B0A6D7123F2CFFD008A5013 /* Assets.xcassets */ = {isa = PBXFileReference; lastKnownFileType = folder.assetcatalog; path = Assets.xcassets; sourceTree = "<group>"; };
		7B0A6D7423F2CFFD008A5013 /* Base */ = {isa = PBXFileReference; lastKnownFileType = file.storyboard; name = Base; path = Base.lproj/LaunchScreen.storyboard; sourceTree = "<group>"; };
		7B0A6D7623F2CFFD008A5013 /* Info.plist */ = {isa = PBXFileReference; lastKnownFileType = text.plist.xml; path = Info.plist; sourceTree = "<group>"; };
		7B0A6D7B23F2CFFE008A5013 /* CommentCardWriterTests.xctest */ = {isa = PBXFileReference; explicitFileType = wrapper.cfbundle; includeInIndex = 0; path = CommentCardWriterTests.xctest; sourceTree = BUILT_PRODUCTS_DIR; };
		7B0A6D7F23F2CFFE008A5013 /* CommentCardWriterTests.swift */ = {isa = PBXFileReference; lastKnownFileType = sourcecode.swift; path = CommentCardWriterTests.swift; sourceTree = "<group>"; };
		7B0A6D8123F2CFFE008A5013 /* Info.plist */ = {isa = PBXFileReference; lastKnownFileType = text.plist.xml; path = Info.plist; sourceTree = "<group>"; };
		7B0A6D8623F2CFFE008A5013 /* CommentCardWriterUITests.xctest */ = {isa = PBXFileReference; explicitFileType = wrapper.cfbundle; includeInIndex = 0; path = CommentCardWriterUITests.xctest; sourceTree = BUILT_PRODUCTS_DIR; };
		7B0A6D8A23F2CFFE008A5013 /* CommentCardWriterUITests.swift */ = {isa = PBXFileReference; lastKnownFileType = sourcecode.swift; path = CommentCardWriterUITests.swift; sourceTree = "<group>"; };
		7B0A6D8C23F2CFFE008A5013 /* Info.plist */ = {isa = PBXFileReference; lastKnownFileType = text.plist.xml; path = Info.plist; sourceTree = "<group>"; };
		7B0A6D9823F2D5A8008A5013 /* HomeViewController.swift */ = {isa = PBXFileReference; lastKnownFileType = sourcecode.swift; path = HomeViewController.swift; sourceTree = "<group>"; };
		7B0A6D9A23F2D5D9008A5013 /* Comment.swift */ = {isa = PBXFileReference; lastKnownFileType = sourcecode.swift; path = Comment.swift; sourceTree = "<group>"; };
		7B0A6D9C23F2D664008A5013 /* StudentEvaluation.swift */ = {isa = PBXFileReference; lastKnownFileType = sourcecode.swift; path = StudentEvaluation.swift; sourceTree = "<group>"; };
		7B0A6D9E23F2D7CE008A5013 /* Student.swift */ = {isa = PBXFileReference; lastKnownFileType = sourcecode.swift; path = Student.swift; sourceTree = "<group>"; };
/* End PBXFileReference section */

/* Begin PBXFrameworksBuildPhase section */
		7B0A6D6223F2CFFC008A5013 /* Frameworks */ = {
			isa = PBXFrameworksBuildPhase;
			buildActionMask = 2147483647;
			files = (
			);
			runOnlyForDeploymentPostprocessing = 0;
		};
		7B0A6D7823F2CFFE008A5013 /* Frameworks */ = {
			isa = PBXFrameworksBuildPhase;
			buildActionMask = 2147483647;
			files = (
			);
			runOnlyForDeploymentPostprocessing = 0;
		};
		7B0A6D8323F2CFFE008A5013 /* Frameworks */ = {
			isa = PBXFrameworksBuildPhase;
			buildActionMask = 2147483647;
			files = (
			);
			runOnlyForDeploymentPostprocessing = 0;
		};
/* End PBXFrameworksBuildPhase section */

/* Begin PBXGroup section */
		7B0A6D5C23F2CFFC008A5013 = {
			isa = PBXGroup;
			children = (
				7B0A6D6723F2CFFC008A5013 /* CommentCardWriter */,
				7B0A6D7E23F2CFFE008A5013 /* CommentCardWriterTests */,
				7B0A6D8923F2CFFE008A5013 /* CommentCardWriterUITests */,
				7B0A6D6623F2CFFC008A5013 /* Products */,
			);
			sourceTree = "<group>";
		};
		7B0A6D6623F2CFFC008A5013 /* Products */ = {
			isa = PBXGroup;
			children = (
				7B0A6D6523F2CFFC008A5013 /* CommentCardWriter.app */,
				7B0A6D7B23F2CFFE008A5013 /* CommentCardWriterTests.xctest */,
				7B0A6D8623F2CFFE008A5013 /* CommentCardWriterUITests.xctest */,
			);
			name = Products;
			sourceTree = "<group>";
		};
		7B0A6D6723F2CFFC008A5013 /* CommentCardWriter */ = {
			isa = PBXGroup;
			children = (
				7B0A6D6823F2CFFC008A5013 /* AppDelegate.swift */,
				7B0A6D6A23F2CFFC008A5013 /* SceneDelegate.swift */,
				7B0A6D6C23F2CFFC008A5013 /* ViewController.swift */,
				7B0A6D9823F2D5A8008A5013 /* HomeViewController.swift */,
				7B0A6D6E23F2CFFC008A5013 /* Main.storyboard */,
				7B0A6D7123F2CFFD008A5013 /* Assets.xcassets */,
				7B0A6D7323F2CFFD008A5013 /* LaunchScreen.storyboard */,
				7B0A6D7623F2CFFD008A5013 /* Info.plist */,
				7B0A6D9A23F2D5D9008A5013 /* Comment.swift */,
				7B0A6D9C23F2D664008A5013 /* StudentEvaluation.swift */,
				7B0A6D9E23F2D7CE008A5013 /* Student.swift */,
			);
			path = CommentCardWriter;
			sourceTree = "<group>";
		};
		7B0A6D7E23F2CFFE008A5013 /* CommentCardWriterTests */ = {
			isa = PBXGroup;
			children = (
				7B0A6D7F23F2CFFE008A5013 /* CommentCardWriterTests.swift */,
				7B0A6D8123F2CFFE008A5013 /* Info.plist */,
			);
			path = CommentCardWriterTests;
			sourceTree = "<group>";
		};
		7B0A6D8923F2CFFE008A5013 /* CommentCardWriterUITests */ = {
			isa = PBXGroup;
			children = (
				7B0A6D8A23F2CFFE008A5013 /* CommentCardWriterUITests.swift */,
				7B0A6D8C23F2CFFE008A5013 /* Info.plist */,
			);
			path = CommentCardWriterUITests;
			sourceTree = "<group>";
		};
/* End PBXGroup section */

/* Begin PBXNativeTarget section */
		7B0A6D6423F2CFFC008A5013 /* CommentCardWriter */ = {
			isa = PBXNativeTarget;
			buildConfigurationList = 7B0A6D8F23F2CFFE008A5013 /* Build configuration list for PBXNativeTarget "CommentCardWriter" */;
			buildPhases = (
				7B0A6D6123F2CFFC008A5013 /* Sources */,
				7B0A6D6223F2CFFC008A5013 /* Frameworks */,
				7B0A6D6323F2CFFC008A5013 /* Resources */,
			);
			buildRules = (
			);
			dependencies = (
			);
			name = CommentCardWriter;
			productName = CommentCardWriter;
			productReference = 7B0A6D6523F2CFFC008A5013 /* CommentCardWriter.app */;
			productType = "com.apple.product-type.application";
		};
		7B0A6D7A23F2CFFE008A5013 /* CommentCardWriterTests */ = {
			isa = PBXNativeTarget;
			buildConfigurationList = 7B0A6D9223F2CFFE008A5013 /* Build configuration list for PBXNativeTarget "CommentCardWriterTests" */;
			buildPhases = (
				7B0A6D7723F2CFFE008A5013 /* Sources */,
				7B0A6D7823F2CFFE008A5013 /* Frameworks */,
				7B0A6D7923F2CFFE008A5013 /* Resources */,
			);
			buildRules = (
			);
			dependencies = (
				7B0A6D7D23F2CFFE008A5013 /* PBXTargetDependency */,
			);
			name = CommentCardWriterTests;
			productName = CommentCardWriterTests;
			productReference = 7B0A6D7B23F2CFFE008A5013 /* CommentCardWriterTests.xctest */;
			productType = "com.apple.product-type.bundle.unit-test";
		};
		7B0A6D8523F2CFFE008A5013 /* CommentCardWriterUITests */ = {
			isa = PBXNativeTarget;
			buildConfigurationList = 7B0A6D9523F2CFFE008A5013 /* Build configuration list for PBXNativeTarget "CommentCardWriterUITests" */;
			buildPhases = (
				7B0A6D8223F2CFFE008A5013 /* Sources */,
				7B0A6D8323F2CFFE008A5013 /* Frameworks */,
				7B0A6D8423F2CFFE008A5013 /* Resources */,
			);
			buildRules = (
			);
			dependencies = (
				7B0A6D8823F2CFFE008A5013 /* PBXTargetDependency */,
			);
			name = CommentCardWriterUITests;
			productName = CommentCardWriterUITests;
			productReference = 7B0A6D8623F2CFFE008A5013 /* CommentCardWriterUITests.xctest */;
			productType = "com.apple.product-type.bundle.ui-testing";
		};
/* End PBXNativeTarget section */

/* Begin PBXProject section */
		7B0A6D5D23F2CFFC008A5013 /* Project object */ = {
			isa = PBXProject;
			attributes = {
				LastSwiftUpdateCheck = 1130;
				LastUpgradeCheck = 1130;
				ORGANIZATIONNAME = "Connolly, Patrick (IRG)";
				TargetAttributes = {
					7B0A6D6423F2CFFC008A5013 = {
						CreatedOnToolsVersion = 11.3;
					};
					7B0A6D7A23F2CFFE008A5013 = {
						CreatedOnToolsVersion = 11.3;
						TestTargetID = 7B0A6D6423F2CFFC008A5013;
					};
					7B0A6D8523F2CFFE008A5013 = {
						CreatedOnToolsVersion = 11.3;
						TestTargetID = 7B0A6D6423F2CFFC008A5013;
					};
				};
			};
			buildConfigurationList = 7B0A6D6023F2CFFC008A5013 /* Build configuration list for PBXProject "CommentCardWriter" */;
			compatibilityVersion = "Xcode 9.3";
			developmentRegion = en;
			hasScannedForEncodings = 0;
			knownRegions = (
				en,
				Base,
			);
			mainGroup = 7B0A6D5C23F2CFFC008A5013;
			productRefGroup = 7B0A6D6623F2CFFC008A5013 /* Products */;
			projectDirPath = "";
			projectRoot = "";
			targets = (
				7B0A6D6423F2CFFC008A5013 /* CommentCardWriter */,
				7B0A6D7A23F2CFFE008A5013 /* CommentCardWriterTests */,
				7B0A6D8523F2CFFE008A5013 /* CommentCardWriterUITests */,
			);
		};
/* End PBXProject section */

/* Begin PBXResourcesBuildPhase section */
		7B0A6D6323F2CFFC008A5013 /* Resources */ = {
			isa = PBXResourcesBuildPhase;
			buildActionMask = 2147483647;
			files = (
				7B0A6D7523F2CFFD008A5013 /* LaunchScreen.storyboard in Resources */,
				7B0A6D7223F2CFFD008A5013 /* Assets.xcassets in Resources */,
				7B0A6D7023F2CFFC008A5013 /* Main.storyboard in Resources */,
			);
			runOnlyForDeploymentPostprocessing = 0;
		};
		7B0A6D7923F2CFFE008A5013 /* Resources */ = {
			isa = PBXResourcesBuildPhase;
			buildActionMask = 2147483647;
			files = (
			);
			runOnlyForDeploymentPostprocessing = 0;
		};
		7B0A6D8423F2CFFE008A5013 /* Resources */ = {
			isa = PBXResourcesBuildPhase;
			buildActionMask = 2147483647;
			files = (
			);
			runOnlyForDeploymentPostprocessing = 0;
		};
/* End PBXResourcesBuildPhase section */

/* Begin PBXSourcesBuildPhase section */
		7B0A6D6123F2CFFC008A5013 /* Sources */ = {
			isa = PBXSourcesBuildPhase;
			buildActionMask = 2147483647;
			files = (
				7B0A6D9B23F2D5D9008A5013 /* Comment.swift in Sources */,
				7B0A6D6D23F2CFFC008A5013 /* ViewController.swift in Sources */,
				7B0A6D6923F2CFFC008A5013 /* AppDelegate.swift in Sources */,
				7B0A6D6B23F2CFFC008A5013 /* SceneDelegate.swift in Sources */,
				7B0A6D9923F2D5A8008A5013 /* HomeViewController.swift in Sources */,
				7B0A6D9F23F2D7CE008A5013 /* Student.swift in Sources */,
				7B0A6D9D23F2D664008A5013 /* StudentEvaluation.swift in Sources */,
			);
			runOnlyForDeploymentPostprocessing = 0;
		};
		7B0A6D7723F2CFFE008A5013 /* Sources */ = {
			isa = PBXSourcesBuildPhase;
			buildActionMask = 2147483647;
			files = (
				7B0A6D8023F2CFFE008A5013 /* CommentCardWriterTests.swift in Sources */,
			);
			runOnlyForDeploymentPostprocessing = 0;
		};
		7B0A6D8223F2CFFE008A5013 /* Sources */ = {
			isa = PBXSourcesBuildPhase;
			buildActionMask = 2147483647;
			files = (
				7B0A6D8B23F2CFFE008A5013 /* CommentCardWriterUITests.swift in Sources */,
			);
			runOnlyForDeploymentPostprocessing = 0;
		};
/* End PBXSourcesBuildPhase section */

/* Begin PBXTargetDependency section */
		7B0A6D7D23F2CFFE008A5013 /* PBXTargetDependency */ = {
			isa = PBXTargetDependency;
			target = 7B0A6D6423F2CFFC008A5013 /* CommentCardWriter */;
			targetProxy = 7B0A6D7C23F2CFFE008A5013 /* PBXContainerItemProxy */;
		};
		7B0A6D8823F2CFFE008A5013 /* PBXTargetDependency */ = {
			isa = PBXTargetDependency;
			target = 7B0A6D6423F2CFFC008A5013 /* CommentCardWriter */;
			targetProxy = 7B0A6D8723F2CFFE008A5013 /* PBXContainerItemProxy */;
		};
/* End PBXTargetDependency section */

/* Begin PBXVariantGroup section */
		7B0A6D6E23F2CFFC008A5013 /* Main.storyboard */ = {
			isa = PBXVariantGroup;
			children = (
				7B0A6D6F23F2CFFC008A5013 /* Base */,
			);
			name = Main.storyboard;
			sourceTree = "<group>";
		};
		7B0A6D7323F2CFFD008A5013 /* LaunchScreen.storyboard */ = {
			isa = PBXVariantGroup;
			children = (
				7B0A6D7423F2CFFD008A5013 /* Base */,
			);
			name = LaunchScreen.storyboard;
			sourceTree = "<group>";
		};
/* End PBXVariantGroup section */

/* Begin XCBuildConfiguration section */
		7B0A6D8D23F2CFFE008A5013 /* Debug */ = {
			isa = XCBuildConfiguration;
			buildSettings = {
				ALWAYS_SEARCH_USER_PATHS = NO;
				CLANG_ANALYZER_NONNULL = YES;
				CLANG_ANALYZER_NUMBER_OBJECT_CONVERSION = YES_AGGRESSIVE;
				CLANG_CXX_LANGUAGE_STANDARD = "gnu++14";
				CLANG_CXX_LIBRARY = "libc++";
				CLANG_ENABLE_MODULES = YES;
				CLANG_ENABLE_OBJC_ARC = YES;
				CLANG_ENABLE_OBJC_WEAK = YES;
				CLANG_WARN_BLOCK_CAPTURE_AUTORELEASING = YES;
				CLANG_WARN_BOOL_CONVERSION = YES;
				CLANG_WARN_COMMA = YES;
				CLANG_WARN_CONSTANT_CONVERSION = YES;
				CLANG_WARN_DEPRECATED_OBJC_IMPLEMENTATIONS = YES;
				CLANG_WARN_DIRECT_OBJC_ISA_USAGE = YES_ERROR;
				CLANG_WARN_DOCUMENTATION_COMMENTS = YES;
				CLANG_WARN_EMPTY_BODY = YES;
				CLANG_WARN_ENUM_CONVERSION = YES;
				CLANG_WARN_INFINITE_RECURSION = YES;
				CLANG_WARN_INT_CONVERSION = YES;
				CLANG_WARN_NON_LITERAL_NULL_CONVERSION = YES;
				CLANG_WARN_OBJC_IMPLICIT_RETAIN_SELF = YES;
				CLANG_WARN_OBJC_LITERAL_CONVERSION = YES;
				CLANG_WARN_OBJC_ROOT_CLASS = YES_ERROR;
				CLANG_WARN_RANGE_LOOP_ANALYSIS = YES;
				CLANG_WARN_STRICT_PROTOTYPES = YES;
				CLANG_WARN_SUSPICIOUS_MOVE = YES;
				CLANG_WARN_UNGUARDED_AVAILABILITY = YES_AGGRESSIVE;
				CLANG_WARN_UNREACHABLE_CODE = YES;
				CLANG_WARN__DUPLICATE_METHOD_MATCH = YES;
				COPY_PHASE_STRIP = NO;
				DEBUG_INFORMATION_FORMAT = dwarf;
				ENABLE_STRICT_OBJC_MSGSEND = YES;
				ENABLE_TESTABILITY = YES;
				GCC_C_LANGUAGE_STANDARD = gnu11;
				GCC_DYNAMIC_NO_PIC = NO;
				GCC_NO_COMMON_BLOCKS = YES;
				GCC_OPTIMIZATION_LEVEL = 0;
				GCC_PREPROCESSOR_DEFINITIONS = (
					"DEBUG=1",
					"$(inherited)",
				);
				GCC_WARN_64_TO_32_BIT_CONVERSION = YES;
				GCC_WARN_ABOUT_RETURN_TYPE = YES_ERROR;
				GCC_WARN_UNDECLARED_SELECTOR = YES;
				GCC_WARN_UNINITIALIZED_AUTOS = YES_AGGRESSIVE;
				GCC_WARN_UNUSED_FUNCTION = YES;
				GCC_WARN_UNUSED_VARIABLE = YES;
				IPHONEOS_DEPLOYMENT_TARGET = 13.2;
				MTL_ENABLE_DEBUG_INFO = INCLUDE_SOURCE;
				MTL_FAST_MATH = YES;
				ONLY_ACTIVE_ARCH = YES;
				SDKROOT = iphoneos;
				SWIFT_ACTIVE_COMPILATION_CONDITIONS = DEBUG;
				SWIFT_OPTIMIZATION_LEVEL = "-Onone";
			};
			name = Debug;
		};
		7B0A6D8E23F2CFFE008A5013 /* Release */ = {
			isa = XCBuildConfiguration;
			buildSettings = {
				ALWAYS_SEARCH_USER_PATHS = NO;
				CLANG_ANALYZER_NONNULL = YES;
				CLANG_ANALYZER_NUMBER_OBJECT_CONVERSION = YES_AGGRESSIVE;
				CLANG_CXX_LANGUAGE_STANDARD = "gnu++14";
				CLANG_CXX_LIBRARY = "libc++";
				CLANG_ENABLE_MODULES = YES;
				CLANG_ENABLE_OBJC_ARC = YES;
				CLANG_ENABLE_OBJC_WEAK = YES;
				CLANG_WARN_BLOCK_CAPTURE_AUTORELEASING = YES;
				CLANG_WARN_BOOL_CONVERSION = YES;
				CLANG_WARN_COMMA = YES;
				CLANG_WARN_CONSTANT_CONVERSION = YES;
				CLANG_WARN_DEPRECATED_OBJC_IMPLEMENTATIONS = YES;
				CLANG_WARN_DIRECT_OBJC_ISA_USAGE = YES_ERROR;
				CLANG_WARN_DOCUMENTATION_COMMENTS = YES;
				CLANG_WARN_EMPTY_BODY = YES;
				CLANG_WARN_ENUM_CONVERSION = YES;
				CLANG_WARN_INFINITE_RECURSION = YES;
				CLANG_WARN_INT_CONVERSION = YES;
				CLANG_WARN_NON_LITERAL_NULL_CONVERSION = YES;
				CLANG_WARN_OBJC_IMPLICIT_RETAIN_SELF = YES;
				CLANG_WARN_OBJC_LITERAL_CONVERSION = YES;
				CLANG_WARN_OBJC_ROOT_CLASS = YES_ERROR;
				CLANG_WARN_RANGE_LOOP_ANALYSIS = YES;
				CLANG_WARN_STRICT_PROTOTYPES = YES;
				CLANG_WARN_SUSPICIOUS_MOVE = YES;
				CLANG_WARN_UNGUARDED_AVAILABILITY = YES_AGGRESSIVE;
				CLANG_WARN_UNREACHABLE_CODE = YES;
				CLANG_WARN__DUPLICATE_METHOD_MATCH = YES;
				COPY_PHASE_STRIP = NO;
				DEBUG_INFORMATION_FORMAT = "dwarf-with-dsym";
				ENABLE_NS_ASSERTIONS = NO;
				ENABLE_STRICT_OBJC_MSGSEND = YES;
				GCC_C_LANGUAGE_STANDARD = gnu11;
				GCC_NO_COMMON_BLOCKS = YES;
				GCC_WARN_64_TO_32_BIT_CONVERSION = YES;
				GCC_WARN_ABOUT_RETURN_TYPE = YES_ERROR;
				GCC_WARN_UNDECLARED_SELECTOR = YES;
				GCC_WARN_UNINITIALIZED_AUTOS = YES_AGGRESSIVE;
				GCC_WARN_UNUSED_FUNCTION = YES;
				GCC_WARN_UNUSED_VARIABLE = YES;
				IPHONEOS_DEPLOYMENT_TARGET = 13.2;
				MTL_ENABLE_DEBUG_INFO = NO;
				MTL_FAST_MATH = YES;
				SDKROOT = iphoneos;
				SWIFT_COMPILATION_MODE = wholemodule;
				SWIFT_OPTIMIZATION_LEVEL = "-O";
				VALIDATE_PRODUCT = YES;
			};
			name = Release;
		};
		7B0A6D9023F2CFFE008A5013 /* Debug */ = {
			isa = XCBuildConfiguration;
			buildSettings = {
				ASSETCATALOG_COMPILER_APPICON_NAME = AppIcon;
				CODE_SIGN_STYLE = Automatic;
				INFOPLIST_FILE = CommentCardWriter/Info.plist;
				LD_RUNPATH_SEARCH_PATHS = (
					"$(inherited)",
					"@executable_path/Frameworks",
				);
				PRODUCT_BUNDLE_IDENTIFIER = com.PatrickConnolly1.CommentCardWriter;
				PRODUCT_NAME = "$(TARGET_NAME)";
				SWIFT_VERSION = 5.0;
				TARGETED_DEVICE_FAMILY = "1,2";
			};
			name = Debug;
		};
		7B0A6D9123F2CFFE008A5013 /* Release */ = {
			isa = XCBuildConfiguration;
			buildSettings = {
				ASSETCATALOG_COMPILER_APPICON_NAME = AppIcon;
				CODE_SIGN_STYLE = Automatic;
				INFOPLIST_FILE = CommentCardWriter/Info.plist;
				LD_RUNPATH_SEARCH_PATHS = (
					"$(inherited)",
					"@executable_path/Frameworks",
				);
				PRODUCT_BUNDLE_IDENTIFIER = com.PatrickConnolly1.CommentCardWriter;
				PRODUCT_NAME = "$(TARGET_NAME)";
				SWIFT_VERSION = 5.0;
				TARGETED_DEVICE_FAMILY = "1,2";
			};
			name = Release;
		};
		7B0A6D9323F2CFFE008A5013 /* Debug */ = {
			isa = XCBuildConfiguration;
			buildSettings = {
				ALWAYS_EMBED_SWIFT_STANDARD_LIBRARIES = YES;
				BUNDLE_LOADER = "$(TEST_HOST)";
				CODE_SIGN_STYLE = Automatic;
				INFOPLIST_FILE = CommentCardWriterTests/Info.plist;
				IPHONEOS_DEPLOYMENT_TARGET = 13.2;
				LD_RUNPATH_SEARCH_PATHS = (
					"$(inherited)",
					"@executable_path/Frameworks",
					"@loader_path/Frameworks",
				);
				PRODUCT_BUNDLE_IDENTIFIER = com.PatrickConnolly1.CommentCardWriterTests;
				PRODUCT_NAME = "$(TARGET_NAME)";
				SWIFT_VERSION = 5.0;
				TARGETED_DEVICE_FAMILY = "1,2";
				TEST_HOST = "$(BUILT_PRODUCTS_DIR)/CommentCardWriter.app/CommentCardWriter";
			};
			name = Debug;
		};
		7B0A6D9423F2CFFE008A5013 /* Release */ = {
			isa = XCBuildConfiguration;
			buildSettings = {
				ALWAYS_EMBED_SWIFT_STANDARD_LIBRARIES = YES;
				BUNDLE_LOADER = "$(TEST_HOST)";
				CODE_SIGN_STYLE = Automatic;
				INFOPLIST_FILE = CommentCardWriterTests/Info.plist;
				IPHONEOS_DEPLOYMENT_TARGET = 13.2;
				LD_RUNPATH_SEARCH_PATHS = (
					"$(inherited)",
					"@executable_path/Frameworks",
					"@loader_path/Frameworks",
				);
				PRODUCT_BUNDLE_IDENTIFIER = com.PatrickConnolly1.CommentCardWriterTests;
				PRODUCT_NAME = "$(TARGET_NAME)";
				SWIFT_VERSION = 5.0;
				TARGETED_DEVICE_FAMILY = "1,2";
				TEST_HOST = "$(BUILT_PRODUCTS_DIR)/CommentCardWriter.app/CommentCardWriter";
			};
			name = Release;
		};
		7B0A6D9623F2CFFE008A5013 /* Debug */ = {
			isa = XCBuildConfiguration;
			buildSettings = {
				ALWAYS_EMBED_SWIFT_STANDARD_LIBRARIES = YES;
				CODE_SIGN_STYLE = Automatic;
				INFOPLIST_FILE = CommentCardWriterUITests/Info.plist;
				LD_RUNPATH_SEARCH_PATHS = (
					"$(inherited)",
					"@executable_path/Frameworks",
					"@loader_path/Frameworks",
				);
				PRODUCT_BUNDLE_IDENTIFIER = com.PatrickConnolly1.CommentCardWriterUITests;
				PRODUCT_NAME = "$(TARGET_NAME)";
				SWIFT_VERSION = 5.0;
				TARGETED_DEVICE_FAMILY = "1,2";
				TEST_TARGET_NAME = CommentCardWriter;
			};
			name = Debug;
		};
		7B0A6D9723F2CFFE008A5013 /* Release */ = {
			isa = XCBuildConfiguration;
			buildSettings = {
				ALWAYS_EMBED_SWIFT_STANDARD_LIBRARIES = YES;
				CODE_SIGN_STYLE = Automatic;
				INFOPLIST_FILE = CommentCardWriterUITests/Info.plist;
				LD_RUNPATH_SEARCH_PATHS = (
					"$(inherited)",
					"@executable_path/Frameworks",
					"@loader_path/Frameworks",
				);
				PRODUCT_BUNDLE_IDENTIFIER = com.PatrickConnolly1.CommentCardWriterUITests;
				PRODUCT_NAME = "$(TARGET_NAME)";
				SWIFT_VERSION = 5.0;
				TARGETED_DEVICE_FAMILY = "1,2";
				TEST_TARGET_NAME = CommentCardWriter;
			};
			name = Release;
		};
/* End XCBuildConfiguration section */

/* Begin XCConfigurationList section */
		7B0A6D6023F2CFFC008A5013 /* Build configuration list for PBXProject "CommentCardWriter" */ = {
			isa = XCConfigurationList;
			buildConfigurations = (
				7B0A6D8D23F2CFFE008A5013 /* Debug */,
				7B0A6D8E23F2CFFE008A5013 /* Release */,
			);
			defaultConfigurationIsVisible = 0;
			defaultConfigurationName = Release;
		};
		7B0A6D8F23F2CFFE008A5013 /* Build configuration list for PBXNativeTarget "CommentCardWriter" */ = {
			isa = XCConfigurationList;
			buildConfigurations = (
				7B0A6D9023F2CFFE008A5013 /* Debug */,
				7B0A6D9123F2CFFE008A5013 /* Release */,
			);
			defaultConfigurationIsVisible = 0;
			defaultConfigurationName = Release;
		};
		7B0A6D9223F2CFFE008A5013 /* Build configuration list for PBXNativeTarget "CommentCardWriterTests" */ = {
			isa = XCConfigurationList;
			buildConfigurations = (
				7B0A6D9323F2CFFE008A5013 /* Debug */,
				7B0A6D9423F2CFFE008A5013 /* Release */,
			);
			defaultConfigurationIsVisible = 0;
			defaultConfigurationName = Release;
		};
		7B0A6D9523F2CFFE008A5013 /* Build configuration list for PBXNativeTarget "CommentCardWriterUITests" */ = {
			isa = XCConfigurationList;
			buildConfigurations = (
				7B0A6D9623F2CFFE008A5013 /* Debug */,
				7B0A6D9723F2CFFE008A5013 /* Release */,
			);
			defaultConfigurationIsVisible = 0;
			defaultConfigurationName = Release;
		};
/* End XCConfigurationList section */
	};
	rootObject = 7B0A6D5D23F2CFFC008A5013 /* Project object */;
}
